
Microsoft Visual Studio Solution File, Format Version 12.00
# Visual Studio Version 17
VisualStudioVersion = 17.0.31903.59
MinimumVisualStudioVersion = 10.0.40219.1
Project("{FAE04EC0-301F-11D3-BF4B-00C04F79EFBC}") = "SteamHourFarmer.Core", "SteamHourFarmer.Core\SteamHourFarmer.Core.csproj", "{8BD72762-BF14-450D-9CC2-819F2EC1AC8D}"
EndProject
Project("{FAE04EC0-301F-11D3-BF4B-00C04F79EFBC}") = "SteamHourFarmer.Infrastructure", "SteamHourFarmer.Infrastructure\SteamHourFarmer.Infrastructure.csproj", "{DCA47641-ECE9-4C10-8550-FD1EEA0970F0}"
EndProject
Project("{FAE04EC0-301F-11D3-BF4B-00C04F79EFBC}") = "SteamHourFarmer.Worker", "SteamHourFarmer.Worker\SteamHourFarmer.Worker.csproj", "{A5E70BBC-D024-4565-ABA3-C7A7A5C3ADFA}"
EndProject
Global
	GlobalSection(SolutionConfigurationPlatforms) = preSolution
		Debug|Any CPU = Debug|Any CPU
		Debug|x64 = Debug|x64
		Debug|x86 = Debug|x86
		Release|Any CPU = Release|Any CPU
		Release|x64 = Release|x64
		Release|x86 = Release|x86
	EndGlobalSection
	GlobalSection(ProjectConfigurationPlatforms) = postSolution
		{8BD72762-BF14-450D-9CC2-819F2EC1AC8D}.Debug|Any CPU.ActiveCfg = Debug|Any CPU
		{8BD72762-BF14-450D-9CC2-819F2EC1AC8D}.Debug|Any CPU.Build.0 = Debug|Any CPU
		{8BD72762-BF14-450D-9CC2-819F2EC1AC8D}.Debug|x64.ActiveCfg = Debug|Any CPU
		{8BD72762-BF14-450D-9CC2-819F2EC1AC8D}.Debug|x64.Build.0 = Debug|Any CPU
		{8BD72762-BF14-450D-9CC2-819F2EC1AC8D}.Debug|x86.ActiveCfg = Debug|Any CPU
		{8BD72762-BF14-450D-9CC2-819F2EC1AC8D}.Debug|x86.Build.0 = Debug|Any CPU
		{8BD72762-BF14-450D-9CC2-819F2EC1AC8D}.Release|Any CPU.ActiveCfg = Release|Any CPU
		{8BD72762-BF14-450D-9CC2-819F2EC1AC8D}.Release|Any CPU.Build.0 = Release|Any CPU
		{8BD72762-BF14-450D-9CC2-819F2EC1AC8D}.Release|x64.ActiveCfg = Release|Any CPU
		{8BD72762-BF14-450D-9CC2-819F2EC1AC8D}.Release|x64.Build.0 = Release|Any CPU
		{8BD72762-BF14-450D-9CC2-819F2EC1AC8D}.Release|x86.ActiveCfg = Release|Any CPU
		{8BD72762-BF14-450D-9CC2-819F2EC1AC8D}.Release|x86.Build.0 = Release|Any CPU
		{DCA47641-ECE9-4C10-8550-FD1EEA0970F0}.Debug|Any CPU.ActiveCfg = Debug|Any CPU
		{DCA47641-ECE9-4C10-8550-FD1EEA0970F0}.Debug|Any CPU.Build.0 = Debug|Any CPU
		{DCA47641-ECE9-4C10-8550-FD1EEA0970F0}.Debug|x64.ActiveCfg = Debug|Any CPU
		{DCA47641-ECE9-4C10-8550-FD1EEA0970F0}.Debug|x64.Build.0 = Debug|Any CPU
		{DCA47641-ECE9-4C10-8550-FD1EEA0970F0}.Debug|x86.ActiveCfg = Debug|Any CPU
		{DCA47641-ECE9-4C10-8550-FD1EEA0970F0}.Debug|x86.Build.0 = Debug|Any CPU
		{DCA47641-ECE9-4C10-8550-FD1EEA0970F0}.Release|Any CPU.ActiveCfg = Release|Any CPU
		{DCA47641-ECE9-4C10-8550-FD1EEA0970F0}.Release|Any CPU.Build.0 = Release|Any CPU
		{DCA47641-ECE9-4C10-8550-FD1EEA0970F0}.Release|x64.ActiveCfg = Release|Any CPU
		{DCA47641-ECE9-4C10-8550-FD1EEA0970F0}.Release|x64.Build.0 = Release|Any CPU
		{DCA47641-ECE9-4C10-8550-FD1EEA0970F0}.Release|x86.ActiveCfg = Release|Any CPU
		{DCA47641-ECE9-4C10-8550-FD1EEA0970F0}.Release|x86.Build.0 = Release|Any CPU
		{A5E70BBC-D024-4565-ABA3-C7A7A5C3ADFA}.Debug|Any CPU.ActiveCfg = Debug|Any CPU
		{A5E70BBC-D024-4565-ABA3-C7A7A5C3ADFA}.Debug|Any CPU.Build.0 = Debug|Any CPU
		{A5E70BBC-D024-4565-ABA3-C7A7A5C3ADFA}.Debug|x64.ActiveCfg = Debug|Any CPU
		{A5E70BBC-D024-4565-ABA3-C7A7A5C3ADFA}.Debug|x64.Build.0 = Debug|Any CPU
		{A5E70BBC-D024-4565-ABA3-C7A7A5C3ADFA}.Debug|x86.ActiveCfg = Debug|Any CPU
		{A5E70BBC-D024-4565-ABA3-C7A7A5C3ADFA}.Debug|x86.Build.0 = Debug|Any CPU
		{A5E70BBC-D024-4565-ABA3-C7A7A5C3ADFA}.Release|Any CPU.ActiveCfg = Release|Any CPU
		{A5E70BBC-D024-4565-ABA3-C7A7A5C3ADFA}.Release|Any CPU.Build.0 = Release|Any CPU
		{A5E70BBC-D024-4565-ABA3-C7A7A5C3ADFA}.Release|x64.ActiveCfg = Release|Any CPU
		{A5E70BBC-D024-4565-ABA3-C7A7A5C3ADFA}.Release|x64.Build.0 = Release|Any CPU
		{A5E70BBC-D024-4565-ABA3-C7A7A5C3ADFA}.Release|x86.ActiveCfg = Release|Any CPU
		{A5E70BBC-D024-4565-ABA3-C7A7A5C3ADFA}.Release|x86.Build.0 = Release|Any CPU
	EndGlobalSection
	GlobalSection(SolutionProperties) = preSolution
		HideSolutionNode = FALSE
	EndGlobalSection
	GlobalSection(NestedProjects) = preSolution
	EndGlobalSection
EndGlobal
